# THIS IS AN AUTOGENERATED FILE. DO NOT EDIT THIS FILE DIRECTLY.
# yarn lockfile v1


"@actions/core@^1.10.1":
  version "1.10.1"
  resolved "https://registry.yarnpkg.com/@actions/core/-/core-1.10.1.tgz#61108e7ac40acae95ee36da074fa5850ca4ced8a"
  integrity sha512-3lBR9EDAY+iYIpTnTIXmWcNbX3T2kCkAEQGIQx4NVQ0575nk2k3GRZDTPQG+vVtS2izSLmINlxXf0uLtnrTP+g==
  dependencies:
    "@actions/http-client" "^2.0.1"
    uuid "^8.3.2"

"@actions/github@^5.1.1":
  version "5.1.1"
  resolved "https://registry.yarnpkg.com/@actions/github/-/github-5.1.1.tgz#40b9b9e1323a5efcf4ff7dadd33d8ea51651bbcb"
  integrity sha512-Nk59rMDoJaV+mHCOJPXuvB1zIbomlKS0dmSIqPGxd0enAXBnOfn4VWF+CGtRCwXZG9Epa54tZA7VIRlJDS8A6g==
  dependencies:
    "@actions/http-client" "^2.0.1"
    "@octokit/core" "^3.6.0"
    "@octokit/plugin-paginate-rest" "^2.17.0"
    "@octokit/plugin-rest-endpoint-methods" "^5.13.0"

"@actions/http-client@^2.0.1":
  version "2.1.1"
  resolved "https://registry.yarnpkg.com/@actions/http-client/-/http-client-2.1.1.tgz#a8e97699c315bed0ecaeaaeb640948470d4586a0"
  integrity sha512-qhrkRMB40bbbLo7gF+0vu+X+UawOvQQqNAA/5Unx774RS8poaOhThDOG6BGmxvAnxhQnDp2BG/ZUm65xZILTpw==
  dependencies:
    tunnel "^0.0.6"

"@conventional-commits/parser@^0.4.1":
  version "0.4.1"
  resolved "https://registry.yarnpkg.com/@conventional-commits/parser/-/parser-0.4.1.tgz#213717b25b7ff85260d295466c282226ffe094f2"
  integrity sha512-H2ZmUVt6q+KBccXfMBhbBF14NlANeqHTXL4qCL6QGbMzrc4HDXyzWuxPxPNbz71f/5UkR5DrycP5VO9u7crahg==
  dependencies:
    unist-util-visit "^2.0.3"
    unist-util-visit-parents "^3.1.1"

"@octokit/auth-token@^2.4.4":
  version "2.5.0"
  resolved "https://registry.yarnpkg.com/@octokit/auth-token/-/auth-token-2.5.0.tgz#27c37ea26c205f28443402477ffd261311f21e36"
  integrity sha512-r5FVUJCOLl19AxiuZD2VRZ/ORjp/4IN98Of6YJoJOkY75CIBuYfmiNHGrDwXr+aLGG55igl9QrxX3hbiXlLb+g==
  dependencies:
    "@octokit/types" "^6.0.3"

"@octokit/auth-token@^4.0.0":
  version "4.0.0"
  resolved "https://registry.yarnpkg.com/@octokit/auth-token/-/auth-token-4.0.0.tgz#40d203ea827b9f17f42a29c6afb93b7745ef80c7"
  integrity sha512-tY/msAuJo6ARbK6SPIxZrPBms3xPbfwBrulZe0Wtr/DIY9lje2HeV1uoebShn6mx7SjCHif6EjMvoREj+gZ+SA==

"@octokit/core@^3.6.0":
  version "3.6.0"
  resolved "https://registry.yarnpkg.com/@octokit/core/-/core-3.6.0.tgz#3376cb9f3008d9b3d110370d90e0a1fcd5fe6085"
  integrity sha512-7RKRKuA4xTjMhY+eG3jthb3hlZCsOwg3rztWh75Xc+ShDWOfDDATWbeZpAHBNRpm4Tv9WgBMOy1zEJYXG6NJ7Q==
  dependencies:
    "@octokit/auth-token" "^2.4.4"
    "@octokit/graphql" "^4.5.8"
    "@octokit/request" "^5.6.3"
    "@octokit/request-error" "^2.0.5"
    "@octokit/types" "^6.0.3"
    before-after-hook "^2.2.0"
    universal-user-agent "^6.0.0"

"@octokit/core@^5.0.0":
  version "5.0.1"
  resolved "https://registry.yarnpkg.com/@octokit/core/-/core-5.0.1.tgz#865da2b30d54354cccb6e30861ddfa0e24494780"
  integrity sha512-lyeeeZyESFo+ffI801SaBKmCfsvarO+dgV8/0gD8u1d87clbEdWsP5yC+dSj3zLhb2eIf5SJrn6vDz9AheETHw==
  dependencies:
    "@octokit/auth-token" "^4.0.0"
    "@octokit/graphql" "^7.0.0"
    "@octokit/request" "^8.0.2"
    "@octokit/request-error" "^5.0.0"
    "@octokit/types" "^12.0.0"
    before-after-hook "^2.2.0"
    universal-user-agent "^6.0.0"

"@octokit/endpoint@^6.0.1":
  version "6.0.12"
  resolved "https://registry.yarnpkg.com/@octokit/endpoint/-/endpoint-6.0.12.tgz#3b4d47a4b0e79b1027fb8d75d4221928b2d05658"
  integrity sha512-lF3puPwkQWGfkMClXb4k/eUT/nZKQfxinRWJrdZaJO85Dqwo/G0yOC434Jr2ojwafWJMYqFGFa5ms4jJUgujdA==
  dependencies:
    "@octokit/types" "^6.0.3"
    is-plain-object "^5.0.0"
    universal-user-agent "^6.0.0"

"@octokit/endpoint@^9.0.0":
  version "9.0.1"
  resolved "https://registry.yarnpkg.com/@octokit/endpoint/-/endpoint-9.0.1.tgz#c3f69d27accddcb04a3199fcef541804288149d2"
  integrity sha512-hRlOKAovtINHQPYHZlfyFwaM8OyetxeoC81lAkBy34uLb8exrZB50SQdeW3EROqiY9G9yxQTpp5OHTV54QD+vA==
  dependencies:
    "@octokit/types" "^12.0.0"
    is-plain-object "^5.0.0"
    universal-user-agent "^6.0.0"

"@octokit/graphql@^4.5.8":
  version "4.8.0"
  resolved "https://registry.yarnpkg.com/@octokit/graphql/-/graphql-4.8.0.tgz#664d9b11c0e12112cbf78e10f49a05959aa22cc3"
  integrity sha512-0gv+qLSBLKF0z8TKaSKTsS39scVKF9dbMxJpj3U0vC7wjNWFuIpL/z76Qe2fiuCbDRcJSavkXsVtMS6/dtQQsg==
  dependencies:
    "@octokit/request" "^5.6.0"
    "@octokit/types" "^6.0.3"
    universal-user-agent "^6.0.0"

"@octokit/graphql@^7.0.0":
  version "7.0.2"
  resolved "https://registry.yarnpkg.com/@octokit/graphql/-/graphql-7.0.2.tgz#3df14b9968192f9060d94ed9e3aa9780a76e7f99"
  integrity sha512-OJ2iGMtj5Tg3s6RaXH22cJcxXRi7Y3EBqbHTBRq+PQAqfaS8f/236fUrWhfSn8P4jovyzqucxme7/vWSSZBX2Q==
  dependencies:
    "@octokit/request" "^8.0.1"
    "@octokit/types" "^12.0.0"
    universal-user-agent "^6.0.0"

"@octokit/openapi-types@^12.11.0":
  version "12.11.0"
  resolved "https://registry.yarnpkg.com/@octokit/openapi-types/-/openapi-types-12.11.0.tgz#da5638d64f2b919bca89ce6602d059f1b52d3ef0"
  integrity sha512-VsXyi8peyRq9PqIz/tpqiL2w3w80OgVMwBHltTml3LmVvXiphgeqmY9mvBw9Wu7e0QWk/fqD37ux8yP5uVekyQ==

"@octokit/openapi-types@^18.0.0":
  version "18.1.1"
  resolved "https://registry.yarnpkg.com/@octokit/openapi-types/-/openapi-types-18.1.1.tgz#09bdfdabfd8e16d16324326da5148010d765f009"
  integrity sha512-VRaeH8nCDtF5aXWnjPuEMIYf1itK/s3JYyJcWFJT8X9pSNnBtriDf7wlEWsGuhPLl4QIH4xM8fqTXDwJ3Mu6sw==

"@octokit/openapi-types@^19.0.0":
  version "19.0.0"
  resolved "https://registry.yarnpkg.com/@octokit/openapi-types/-/openapi-types-19.0.0.tgz#0101bf62ab14c1946149a0f8385440963e1253c4"
  integrity sha512-PclQ6JGMTE9iUStpzMkwLCISFn/wDeRjkZFIKALpvJQNBGwDoYYi2fFvuHwssoQ1rXI5mfh6jgTgWuddeUzfWw==

"@octokit/plugin-paginate-rest@^2.17.0":
  version "2.21.3"
  resolved "https://registry.yarnpkg.com/@octokit/plugin-paginate-rest/-/plugin-paginate-rest-2.21.3.tgz#7f12532797775640dbb8224da577da7dc210c87e"
  integrity sha512-aCZTEf0y2h3OLbrgKkrfFdjRL6eSOo8komneVQJnYecAxIej7Bafor2xhuDJOIFau4pk0i/P28/XgtbyPF0ZHw==
  dependencies:
    "@octokit/types" "^6.40.0"

"@octokit/plugin-paginate-rest@^9.0.0":
  version "9.0.0"
  resolved "https://registry.yarnpkg.com/@octokit/plugin-paginate-rest/-/plugin-paginate-rest-9.0.0.tgz#21fd12816c2dc158a775ed20be5abcbc61052a46"
  integrity sha512-oIJzCpttmBTlEhBmRvb+b9rlnGpmFgDtZ0bB6nq39qIod6A5DP+7RkVLMOixIgRCYSHDTeayWqmiJ2SZ6xgfdw==
  dependencies:
    "@octokit/types" "^12.0.0"

"@octokit/plugin-request-log@^4.0.0":
  version "4.0.0"
  resolved "https://registry.yarnpkg.com/@octokit/plugin-request-log/-/plugin-request-log-4.0.0.tgz#260fa6970aa97bbcbd91f99f3cd812e2b285c9f1"
  integrity sha512-2uJI1COtYCq8Z4yNSnM231TgH50bRkheQ9+aH8TnZanB6QilOnx8RMD2qsnamSOXtDj0ilxvevf5fGsBhBBzKA==

"@octokit/plugin-rest-endpoint-methods@^10.0.0":
  version "10.0.0"
  resolved "https://registry.yarnpkg.com/@octokit/plugin-rest-endpoint-methods/-/plugin-rest-endpoint-methods-10.0.0.tgz#040b36d6a15d4c7c534b0f44050051225f884cae"
  integrity sha512-16VkwE2v6rXU+/gBsYC62M8lKWOphY5Lg4wpjYnVE9Zbu0J6IwiT5kILoj1YOB53XLmcJR+Nqp8DmifOPY4H3g==
  dependencies:
    "@octokit/types" "^12.0.0"

"@octokit/plugin-rest-endpoint-methods@^5.13.0":
  version "5.16.2"
  resolved "https://registry.yarnpkg.com/@octokit/plugin-rest-endpoint-methods/-/plugin-rest-endpoint-methods-5.16.2.tgz#7ee8bf586df97dd6868cf68f641354e908c25342"
  integrity sha512-8QFz29Fg5jDuTPXVtey05BLm7OB+M8fnvE64RNegzX7U+5NUXcOcnpTIK0YfSHBg8gYd0oxIq3IZTe9SfPZiRw==
  dependencies:
    "@octokit/types" "^6.39.0"
    deprecation "^2.3.1"

"@octokit/request-error@^2.0.5", "@octokit/request-error@^2.1.0":
  version "2.1.0"
  resolved "https://registry.yarnpkg.com/@octokit/request-error/-/request-error-2.1.0.tgz#9e150357831bfc788d13a4fd4b1913d60c74d677"
  integrity sha512-1VIvgXxs9WHSjicsRwq8PlR2LR2x6DwsJAaFgzdi0JfJoGSO8mYI/cHJQ+9FbN21aa+DrgNLnwObmyeSC8Rmpg==
  dependencies:
    "@octokit/types" "^6.0.3"
    deprecation "^2.0.0"
    once "^1.4.0"

"@octokit/request-error@^5.0.0":
  version "5.0.1"
  resolved "https://registry.yarnpkg.com/@octokit/request-error/-/request-error-5.0.1.tgz#277e3ce3b540b41525e07ba24c5ef5e868a72db9"
  integrity sha512-X7pnyTMV7MgtGmiXBwmO6M5kIPrntOXdyKZLigNfQWSEQzVxR4a4vo49vJjTWX70mPndj8KhfT4Dx+2Ng3vnBQ==
  dependencies:
    "@octokit/types" "^12.0.0"
    deprecation "^2.0.0"
    once "^1.4.0"

"@octokit/request@^5.6.0", "@octokit/request@^5.6.3":
  version "5.6.3"
  resolved "https://registry.yarnpkg.com/@octokit/request/-/request-5.6.3.tgz#19a022515a5bba965ac06c9d1334514eb50c48b0"
  integrity sha512-bFJl0I1KVc9jYTe9tdGGpAMPy32dLBXXo1dS/YwSCTL/2nd9XeHsY616RE3HPXDVk+a+dBuzyz5YdlXwcDTr2A==
  dependencies:
    "@octokit/endpoint" "^6.0.1"
    "@octokit/request-error" "^2.1.0"
    "@octokit/types" "^6.16.1"
    is-plain-object "^5.0.0"
    node-fetch "^2.6.7"
    universal-user-agent "^6.0.0"

"@octokit/request@^8.0.1", "@octokit/request@^8.0.2":
  version "8.1.2"
  resolved "https://registry.yarnpkg.com/@octokit/request/-/request-8.1.2.tgz#26763e2001da1c98fa89c7df4d6414246bb1564b"
  integrity sha512-A0RJJfzjlZQwb+39eDm5UM23dkxbp28WEG4p2ueH+Q2yY4p349aRK/vcUlEuIB//ggcrHJceoYYkBP/LYCoXEg==
  dependencies:
    "@octokit/endpoint" "^9.0.0"
    "@octokit/request-error" "^5.0.0"
    "@octokit/types" "^12.0.0"
    is-plain-object "^5.0.0"
    universal-user-agent "^6.0.0"

"@octokit/rest@^20.0.1":
  version "20.0.2"
  resolved "https://registry.yarnpkg.com/@octokit/rest/-/rest-20.0.2.tgz#5cc8871ba01b14604439049e5f06c74b45c99594"
  integrity sha512-Ux8NDgEraQ/DMAU1PlAohyfBBXDwhnX2j33Z1nJNziqAfHi70PuxkFYIcIt8aIAxtRE7KVuKp8lSR8pA0J5iOQ==
  dependencies:
    "@octokit/core" "^5.0.0"
    "@octokit/plugin-paginate-rest" "^9.0.0"
    "@octokit/plugin-request-log" "^4.0.0"
    "@octokit/plugin-rest-endpoint-methods" "^10.0.0"

"@octokit/types@^11.1.0":
  version "11.1.0"
  resolved "https://registry.yarnpkg.com/@octokit/types/-/types-11.1.0.tgz#9e5db741d582b05718a4d91bac8cc987def235ea"
  integrity sha512-Fz0+7GyLm/bHt8fwEqgvRBWwIV1S6wRRyq+V6exRKLVWaKGsuy6H9QFYeBVDV7rK6fO3XwHgQOPxv+cLj2zpXQ==
  dependencies:
    "@octokit/openapi-types" "^18.0.0"

"@octokit/types@^12.0.0":
  version "12.0.0"
  resolved "https://registry.yarnpkg.com/@octokit/types/-/types-12.0.0.tgz#6b34309288b6f5ac9761d2589e3165cde1b95fee"
  integrity sha512-EzD434aHTFifGudYAygnFlS1Tl6KhbTynEWELQXIbTY8Msvb5nEqTZIm7sbPEt4mQYLZwu3zPKVdeIrw0g7ovg==
  dependencies:
    "@octokit/openapi-types" "^19.0.0"

"@octokit/types@^6.0.3", "@octokit/types@^6.16.1", "@octokit/types@^6.39.0", "@octokit/types@^6.40.0":
  version "6.41.0"
  resolved "https://registry.yarnpkg.com/@octokit/types/-/types-6.41.0.tgz#e58ef78d78596d2fb7df9c6259802464b5f84a04"
  integrity sha512-eJ2jbzjdijiL3B4PrSQaSjuF2sPEQPVCPzBvTHJD9Nz+9dw2SGH4K4xeQJ77YfTq5bRQ+bD8wT11JbeDPmxmGg==
  dependencies:
    "@octokit/openapi-types" "^12.11.0"

"@types/conventional-changelog-core@*":
  version "4.2.4"
  resolved "https://registry.yarnpkg.com/@types/conventional-changelog-core/-/conventional-changelog-core-4.2.4.tgz#7e83039c5ff648f75045949ef24c0374ce5310bb"
  integrity sha512-RvEggG8QFC/RN4W1wzQPWG/b36FGkSGilIN4fiE4tUCRxZDudKyDYBwhBMhBa405DnhAyceV/8sMNpkrfUA07A==
  dependencies:
    "@types/conventional-changelog-writer" "*"
    "@types/conventional-commits-parser" "*"
    "@types/conventional-recommended-bump" "*"
    "@types/git-raw-commits" "*"
    "@types/node" "*"
    "@types/normalize-package-data" "*"

"@types/conventional-changelog-preset-loader@^2.3.3":
  version "2.3.3"
  resolved "https://registry.yarnpkg.com/@types/conventional-changelog-preset-loader/-/conventional-changelog-preset-loader-2.3.3.tgz#ad825e22c05ac27a53bb446bc7af69cbad670099"
  integrity sha512-x+RULOu4j0xZi4J2oS4fWJ+2nK9NfZ6SxEZ7xW7PX7DRFyOxy1DQEwxo4Vwh5cqS/Dz6RNQWSPg7eshvIJu51w==
  dependencies:
    "@types/conventional-changelog-core" "*"
    "@types/conventional-changelog-writer" "*"
    "@types/conventional-commits-parser" "*"

"@types/conventional-changelog-writer@*":
  version "4.0.6"
  resolved "https://registry.yarnpkg.com/@types/conventional-changelog-writer/-/conventional-changelog-writer-4.0.6.tgz#1f90901141cd3625041041ef8c360618f4e88f77"
  integrity sha512-OYdHr9V/R1RxUMibC5OVx6v0u9g+ILCmLLMBCKThuANjci8G4dR8HNDPWAgcSdv2sq+sQ+eGL3ULPorGXXMboA==
  dependencies:
    "@types/conventional-commits-parser" "*"
    "@types/node" "*"

"@types/conventional-commits-parser@*", "@types/conventional-commits-parser@^3.0.4":
  version "3.0.4"
  resolved "https://registry.yarnpkg.com/@types/conventional-commits-parser/-/conventional-commits-parser-3.0.4.tgz#90dcca004fd690af3a5ed531014839bc73964cc5"
  integrity sha512-nO3LTqFyExqXWAAfcsGh63gPLmYZSAqlLZfhqJ57qkgtyd0BA8S8M/mqtWCD/PvegjuaGk1z4UG5Hy7bZq79zA==
  dependencies:
    "@types/node" "*"

"@types/conventional-recommended-bump@*", "@types/conventional-recommended-bump@^6.1.1":
  version "6.1.1"
  resolved "https://registry.yarnpkg.com/@types/conventional-recommended-bump/-/conventional-recommended-bump-6.1.1.tgz#3fe02e491e71c0e2532492e0ef7902f15adaa936"
  integrity sha512-wxKDmz1U21EgTB5tP19RJ8vl9SME1k3dHVQ9MAeoghZpd141VhQBTOiWCQP2ifl2tT6XByME06UaN8wAQAft0Q==
  dependencies:
    "@types/conventional-changelog-core" "*"
    "@types/conventional-changelog-writer" "*"
    "@types/conventional-commits-parser" "*"

"@types/git-raw-commits@*":
  version "2.0.2"
  resolved "https://registry.yarnpkg.com/@types/git-raw-commits/-/git-raw-commits-2.0.2.tgz#d46f6ac3c3402fbfbacc1d4467cbdb6c43894425"
  integrity sha512-UTG4omPQz3qmePeOZ4Ofb+SvJPrdSBzdEPSlPURLoqnV9qeqxZj58T50+L330vFuxIE2bRf1R3yDcW15cOD71w==
  dependencies:
    "@types/node" "*"

"@types/node@*":
  version "20.8.2"
  resolved "https://registry.yarnpkg.com/@types/node/-/node-20.8.2.tgz#d76fb80d87d0d8abfe334fc6d292e83e5524efc4"
  integrity sha512-Vvycsc9FQdwhxE3y3DzeIxuEJbWGDsnrxvMADzTDF/lcdR9/K+AQIeAghTQsHtotg/q0j3WEOYS/jQgSdWue3w==

"@types/normalize-package-data@*":
  version "2.4.2"
  resolved "https://registry.yarnpkg.com/@types/normalize-package-data/-/normalize-package-data-2.4.2.tgz#9b0e3e8533fe5024ad32d6637eb9589988b6fdca"
  integrity sha512-lqa4UEhhv/2sjjIQgjX8B+RBjj47eo0mzGasklVJ78UKGQY1r0VpB9XHDaZZO9qzEFDdy4MrXLuEaSmPrPSe/A==

"@types/semver@^7.5.2":
  version "7.5.3"
  resolved "https://registry.yarnpkg.com/@types/semver/-/semver-7.5.3.tgz#9a726e116beb26c24f1ccd6850201e1246122e04"
  integrity sha512-OxepLK9EuNEIPxWNME+C6WwbRAOOI2o2BaQEGzz5Lu2e4Z5eDnEo+/aVEDMIXywoJitJ7xWd641wrGLZdtwRyw==

"@types/unist@^2.0.0":
  version "2.0.8"
  resolved "https://registry.yarnpkg.com/@types/unist/-/unist-2.0.8.tgz#bb197b9639aa1a04cf464a617fe800cccd92ad5c"
  integrity sha512-d0XxK3YTObnWVp6rZuev3c49+j4Lo8g4L1ZRm9z5L0xpoZycUPshHgczK5gsUMaZOstjVYYi09p5gYvUtfChYw==

"@vercel/ncc@^0.38.0":
  version "0.38.0"
  resolved "https://registry.yarnpkg.com/@vercel/ncc/-/ncc-0.38.0.tgz#5210def0dcf0c79640bfaf16eecce54beed58fa6"
  integrity sha512-B4YKZMm/EqMptKSFyAq4q2SlgJe+VCmEH6Y8gf/E1pTlWbsUJpuH1ymik2Ex3aYO5mCWwV1kaSYHSQOT8+4vHA==

JSONStream@^1.3.5:
  version "1.3.5"
  resolved "https://registry.yarnpkg.com/JSONStream/-/JSONStream-1.3.5.tgz#3208c1f08d3a4d99261ab64f92302bc15e111ca0"
  integrity sha512-E+iruNOY8VV9s4JEbe1aNEm6MiszPRr/UfcHMz0TQh1BXSxHK+ASV1R6W4HpjBhSeS+54PIsAMCBmwD06LLsqQ==
  dependencies:
    jsonparse "^1.2.0"
    through ">=2.2.7 <3"

array-ify@^1.0.0:
  version "1.0.0"
  resolved "https://registry.yarnpkg.com/array-ify/-/array-ify-1.0.0.tgz#9e528762b4a9066ad163a6962a364418e9626ece"
  integrity sha512-c5AMf34bKdvPhQ7tBGhqkgKNUzMr4WUs+WDtC2ZUGOUncbxKMTvqxYctiseW3+L4bA8ec+GcZ6/A/FW4m8ukng==

before-after-hook@^2.2.0:
  version "2.2.3"
  resolved "https://registry.yarnpkg.com/before-after-hook/-/before-after-hook-2.2.3.tgz#c51e809c81a4e354084422b9b26bad88249c517c"
  integrity sha512-NzUnlZexiaH/46WDhANlyR2bXRopNg4F/zuSA3OpZnllCUgRaOF2znDioDWrmbNVsuZk6l9pMquQB38cfBZwkQ==

compare-func@^2.0.0:
  version "2.0.0"
  resolved "https://registry.yarnpkg.com/compare-func/-/compare-func-2.0.0.tgz#fb65e75edbddfd2e568554e8b5b05fff7a51fcb3"
  integrity sha512-zHig5N+tPWARooBnb0Zx1MFcdfpyJrfTJ3Y5L+IFvUm8rM74hHz66z0gw0x4tijh5CorKkKUCnW82R2vmpeCRA==
  dependencies:
    array-ify "^1.0.0"
    dot-prop "^5.1.0"

conventional-changelog-angular@^7.0.0:
  version "7.0.0"
  resolved "https://registry.yarnpkg.com/conventional-changelog-angular/-/conventional-changelog-angular-7.0.0.tgz#5eec8edbff15aa9b1680a8dcfbd53e2d7eb2ba7a"
  integrity sha512-ROjNchA9LgfNMTTFSIWPzebCwOGFdgkEq45EnvvrmSLvCtAw0HSmrCs7/ty+wAeYUZyNay0YMUNYFTRL72PkBQ==
  dependencies:
    compare-func "^2.0.0"

conventional-changelog-preset-loader@^4.1.0:
  version "4.1.0"
  resolved "https://registry.yarnpkg.com/conventional-changelog-preset-loader/-/conventional-changelog-preset-loader-4.1.0.tgz#996bc40d516471c5bf8248fdc30222563b9bcfe6"
  integrity sha512-HozQjJicZTuRhCRTq4rZbefaiCzRM2pr6u2NL3XhrmQm4RMnDXfESU6JKu/pnKwx5xtdkYfNCsbhN5exhiKGJA==

conventional-commits-filter@^4.0.0:
  version "4.0.0"
  resolved "https://registry.yarnpkg.com/conventional-commits-filter/-/conventional-commits-filter-4.0.0.tgz#845d713e48dc7d1520b84ec182e2773c10c7bf7f"
  integrity sha512-rnpnibcSOdFcdclpFwWa+pPlZJhXE7l+XK04zxhbWrhgpR96h33QLz8hITTXbcYICxVr3HZFtbtUAQ+4LdBo9A==

conventional-commits-parser@^5.0.0:
  version "5.0.0"
  resolved "https://registry.yarnpkg.com/conventional-commits-parser/-/conventional-commits-parser-5.0.0.tgz#57f3594b81ad54d40c1b4280f04554df28627d9a"
  integrity sha512-ZPMl0ZJbw74iS9LuX9YIAiW8pfM5p3yh2o/NbXHbkFuZzY5jvdi5jFycEOkmBW5H5I7nA+D6f3UcsCLP2vvSEA==
  dependencies:
    JSONStream "^1.3.5"
    is-text-path "^2.0.0"
    meow "^12.0.1"
    split2 "^4.0.0"

conventional-recommended-bump@^9.0.0:
  version "9.0.0"
  resolved "https://registry.yarnpkg.com/conventional-recommended-bump/-/conventional-recommended-bump-9.0.0.tgz#2910b08b10e6c705301335ab916e7438eba5907f"
  integrity sha512-HR1yD0G5HgYAu6K0wJjLd7QGRK8MQDqqj6Tn1n/ja1dFwBCE6QmV+iSgQ5F7hkx7OUR/8bHpxJqYtXj2f/opPQ==
  dependencies:
    conventional-changelog-preset-loader "^4.1.0"
    conventional-commits-filter "^4.0.0"
    conventional-commits-parser "^5.0.0"
    git-raw-commits "^4.0.0"
    git-semver-tags "^7.0.0"
    meow "^12.0.1"

dargs@^8.0.0:
  version "8.1.0"
  resolved "https://registry.yarnpkg.com/dargs/-/dargs-8.1.0.tgz#a34859ea509cbce45485e5aa356fef70bfcc7272"
  integrity sha512-wAV9QHOsNbwnWdNW2FYvE1P56wtgSbM+3SZcdGiWQILwVjACCXDCI3Ai8QlCjMDB8YK5zySiXZYBiwGmNY3lnw==

deprecation@^2.0.0, deprecation@^2.3.1:
  version "2.3.1"
  resolved "https://registry.yarnpkg.com/deprecation/-/deprecation-2.3.1.tgz#6368cbdb40abf3373b525ac87e4a260c3a700919"
  integrity sha512-xmHIy4F3scKVwMsQ4WnVaS8bHOx0DmVwRywosKhaILI0ywMDWPtBSku2HNxRvF7jtwDRsoEwYQSfbxj8b7RlJQ==

dot-prop@^5.1.0:
  version "5.3.0"
  resolved "https://registry.yarnpkg.com/dot-prop/-/dot-prop-5.3.0.tgz#90ccce708cd9cd82cc4dc8c3ddd9abdd55b20e88"
  integrity sha512-QM8q3zDe58hqUqjraQOmzZ1LIH9SWQJTlEKCH4kJ2oQvLZk7RbQXvtDM2XEq3fwkV9CCvvH4LA0AV+ogFsBM2Q==
  dependencies:
    is-obj "^2.0.0"

esm@^3.2.25:
  version "3.2.25"
  resolved "https://registry.yarnpkg.com/esm/-/esm-3.2.25.tgz#342c18c29d56157688ba5ce31f8431fbb795cc10"
  integrity sha512-U1suiZ2oDVWv4zPO56S0NcR5QriEahGtdN2OR6FiOG4WJvcjBVFB0qI4+eKoWFH483PKGuLuu6V8Z4T5g63UVA==

git-raw-commits@^4.0.0:
  version "4.0.0"
  resolved "https://registry.yarnpkg.com/git-raw-commits/-/git-raw-commits-4.0.0.tgz#b212fd2bff9726d27c1283a1157e829490593285"
  integrity sha512-ICsMM1Wk8xSGMowkOmPrzo2Fgmfo4bMHLNX6ytHjajRJUqvHOw/TFapQ+QG75c3X/tTDDhOSRPGC52dDbNM8FQ==
  dependencies:
    dargs "^8.0.0"
    meow "^12.0.1"
    split2 "^4.0.0"

git-semver-tags@^7.0.0:
  version "7.0.1"
  resolved "https://registry.yarnpkg.com/git-semver-tags/-/git-semver-tags-7.0.1.tgz#74426e7d7710e5a263655e78b4c651eed804d63e"
  integrity sha512-NY0ZHjJzyyNXHTDZmj+GG7PyuAKtMsyWSwh07CR2hOZFa+/yoTsXci/nF2obzL8UDhakFNkD9gNdt/Ed+cxh2Q==
  dependencies:
    meow "^12.0.1"
    semver "^7.5.2"

is-obj@^2.0.0:
  version "2.0.0"
  resolved "https://registry.yarnpkg.com/is-obj/-/is-obj-2.0.0.tgz#473fb05d973705e3fd9620545018ca8e22ef4982"
  integrity sha512-drqDG3cbczxxEJRoOXcOjtdp1J/lyp1mNn0xaznRs8+muBhgQcrnbspox5X5fOw0HnMnbfDzvnEMEtqDEJEo8w==

is-plain-object@^5.0.0:
  version "5.0.0"
  resolved "https://registry.yarnpkg.com/is-plain-object/-/is-plain-object-5.0.0.tgz#4427f50ab3429e9025ea7d52e9043a9ef4159344"
  integrity sha512-VRSzKkbMm5jMDoKLbltAkFQ5Qr7VDiTFGXxYFXXowVj387GeGNOCsOH6Msy00SGZ3Fp84b1Naa1psqgcCIEP5Q==

is-text-path@^2.0.0:
  version "2.0.0"
  resolved "https://registry.yarnpkg.com/is-text-path/-/is-text-path-2.0.0.tgz#b2484e2b720a633feb2e85b67dc193ff72c75636"
  integrity sha512-+oDTluR6WEjdXEJMnC2z6A4FRwFoYuvShVVEGsS7ewc0UTi2QtAKMDJuL4BDEVt+5T7MjFo12RP8ghOM75oKJw==
  dependencies:
    text-extensions "^2.0.0"

jsonparse@^1.2.0:
  version "1.3.1"
  resolved "https://registry.yarnpkg.com/jsonparse/-/jsonparse-1.3.1.tgz#3f4dae4a91fac315f71062f8521cc239f1366280"
  integrity sha512-POQXvpdL69+CluYsillJ7SUhKvytYjW9vG/GKpnf+xP8UWgYEM/RaMzHHofbALDiKbbP1W8UEYmgGl39WkPZsg==

lru-cache@^6.0.0:
  version "6.0.0"
  resolved "https://registry.yarnpkg.com/lru-cache/-/lru-cache-6.0.0.tgz#6d6fe6570ebd96aaf90fcad1dafa3b2566db3a94"
  integrity sha512-Jo6dJ04CmSjuznwJSS3pUeWmd/H0ffTlkXXgwZi+eq1UCmqQwCh+eLsYOYCwY991i2Fah4h1BEMCx4qThGbsiA==
  dependencies:
    yallist "^4.0.0"

meow@^12.0.1:
  version "12.1.1"
  resolved "https://registry.yarnpkg.com/meow/-/meow-12.1.1.tgz#e558dddbab12477b69b2e9a2728c327f191bace6"
  integrity sha512-BhXM0Au22RwUneMPwSCnyhTOizdWoIEPU9sp0Aqa1PnDMR5Wv2FGXYDjuzJEIX+Eo2Rb8xuYe5jrnm5QowQFkw==

node-fetch@^2.6.7:
  version "2.7.0"
  resolved "https://registry.yarnpkg.com/node-fetch/-/node-fetch-2.7.0.tgz#d0f0fa6e3e2dc1d27efcd8ad99d550bda94d187d"
  integrity sha512-c4FRfUm/dbcWZ7U+1Wq0AwCyFL+3nt2bEw05wfxSz+DWpWsitgmSgYmy2dQdWyKC1694ELPqMs/YzUSNozLt8A==
  dependencies:
    whatwg-url "^5.0.0"

once@^1.4.0:
  version "1.4.0"
  resolved "https://registry.yarnpkg.com/once/-/once-1.4.0.tgz#583b1aa775961d4b113ac17d9c50baef9dd76bd1"
  integrity sha512-lNaJgI+2Q5URQBkccEKHTQOPaXdUxnZZElQTZY0MFUAuaEqe1E+Nyvgdz/aIyNi6Z9MzO5dv1H8n58/GELp3+w==
  dependencies:
    wrappy "1"

parse-commit-message@4.0.0-canary.20:
  version "4.0.0-canary.20"
  resolved "https://registry.yarnpkg.com/parse-commit-message/-/parse-commit-message-4.0.0-canary.20.tgz#e68174602be90d800b14fb14d8979ede03622cd6"
  integrity sha512-y34PoGKtFs8wlggvsJ2JOeX3BmFebmGl1yO2MY6QiKYV3l0bDlL27CzSsVFMnb1n8MjeaUW7kL71hX/G+NsKQA==

recommended-bump@^1.5.2:
  version "1.5.2"
  resolved "https://registry.yarnpkg.com/recommended-bump/-/recommended-bump-1.5.2.tgz#b90082399392cc485d14ba6a5ee7317f521f8e7b"
  integrity sha512-P7zb9BB4kd/sprfv5+VYBoA42vWcPccGNHaKuBFx5a/yd+c28sF9CRE6pP+rb086Uz1P1BVR5z7e0kRUEZacig==
  dependencies:
    esm "^3.2.25"
    parse-commit-message "4.0.0-canary.20"

semver@^7.5.2, semver@^7.5.4:
  version "7.5.4"
  resolved "https://registry.yarnpkg.com/semver/-/semver-7.5.4.tgz#483986ec4ed38e1c6c48c34894a9182dbff68a6e"
  integrity sha512-1bCSESV6Pv+i21Hvpxp3Dx+pSD8lIPt8uVjRrxAUt/nbswYc+tK6Y2btiULjd4+fnq15PX+nqQDC7Oft7WkwcA==
  dependencies:
    lru-cache "^6.0.0"

split2@^4.0.0:
  version "4.2.0"
  resolved "https://registry.yarnpkg.com/split2/-/split2-4.2.0.tgz#c9c5920904d148bab0b9f67145f245a86aadbfa4"
  integrity sha512-UcjcJOWknrNkF6PLX83qcHM6KHgVKNkV62Y8a5uYDVv9ydGQVwAHMKqHdJje1VTWpljG0WYpCDhrCdAOYH4TWg==

text-extensions@^2.0.0:
  version "2.4.0"
  resolved "https://registry.yarnpkg.com/text-extensions/-/text-extensions-2.4.0.tgz#a1cfcc50cf34da41bfd047cc744f804d1680ea34"
  integrity sha512-te/NtwBwfiNRLf9Ijqx3T0nlqZiQ2XrrtBvu+cLL8ZRrGkO0NHTug8MYFKyoSrv/sHTaSKfilUkizV6XhxMJ3g==

"through@>=2.2.7 <3":
  version "2.3.8"
  resolved "https://registry.yarnpkg.com/through/-/through-2.3.8.tgz#0dd4c9ffaabc357960b1b724115d7e0e86a2e1f5"
  integrity sha512-w89qg7PI8wAdvX60bMDP+bFoD5Dvhm9oLheFp5O4a2QF0cSBGsBX4qZmadPMvVqlLJBBci+WqGGOAPvcDeNSVg==

tr46@~0.0.3:
  version "0.0.3"
  resolved "https://registry.yarnpkg.com/tr46/-/tr46-0.0.3.tgz#8184fd347dac9cdc185992f3a6622e14b9d9ab6a"
  integrity sha512-N3WMsuqV66lT30CrXNbEjx4GEwlow3v6rr4mCcv6prnfwhS01rkgyFdjPNBYd9br7LpXV1+Emh01fHnq2Gdgrw==

tunnel@^0.0.6:
  version "0.0.6"
  resolved "https://registry.yarnpkg.com/tunnel/-/tunnel-0.0.6.tgz#72f1314b34a5b192db012324df2cc587ca47f92c"
  integrity sha512-1h/Lnq9yajKY2PEbBadPXj3VxsDDu844OnaAo52UVmIzIvwwtBPIuNvkjuzBlTWpfJyUbG3ez0KSBibQkj4ojg==

typescript@^5.2.2:
  version "5.2.2"
  resolved "https://registry.yarnpkg.com/typescript/-/typescript-5.2.2.tgz#5ebb5e5a5b75f085f22bc3f8460fba308310fa78"
  integrity sha512-mI4WrpHsbCIcwT9cF4FZvr80QUeKvsUsUvKDoR+X/7XHQH98xYD8YHZg7ANtz2GtZt/CBq2QJ0thkGJMHfqc1w==

unist-util-is@^4.0.0:
  version "4.1.0"
  resolved "https://registry.yarnpkg.com/unist-util-is/-/unist-util-is-4.1.0.tgz#976e5f462a7a5de73d94b706bac1b90671b57797"
  integrity sha512-ZOQSsnce92GrxSqlnEEseX0gi7GH9zTJZ0p9dtu87WRb/37mMPO2Ilx1s/t9vBHrFhbgweUwb+t7cIn5dxPhZg==

unist-util-visit-parents@^3.0.0, unist-util-visit-parents@^3.1.1:
  version "3.1.1"
  resolved "https://registry.yarnpkg.com/unist-util-visit-parents/-/unist-util-visit-parents-3.1.1.tgz#65a6ce698f78a6b0f56aa0e88f13801886cdaef6"
  integrity sha512-1KROIZWo6bcMrZEwiH2UrXDyalAa0uqzWCxCJj6lPOvTve2WkfgCytoDTPaMnodXh1WrXOq0haVYHj99ynJlsg==
  dependencies:
    "@types/unist" "^2.0.0"
    unist-util-is "^4.0.0"

unist-util-visit@^2.0.3:
  version "2.0.3"
  resolved "https://registry.yarnpkg.com/unist-util-visit/-/unist-util-visit-2.0.3.tgz#c3703893146df47203bb8a9795af47d7b971208c"
  integrity sha512-iJ4/RczbJMkD0712mGktuGpm/U4By4FfDonL7N/9tATGIF4imikjOuagyMY53tnZq3NP6BcmlrHhEKAfGWjh7Q==
  dependencies:
    "@types/unist" "^2.0.0"
    unist-util-is "^4.0.0"
    unist-util-visit-parents "^3.0.0"

universal-user-agent@^6.0.0:
  version "6.0.0"
  resolved "https://registry.yarnpkg.com/universal-user-agent/-/universal-user-agent-6.0.0.tgz#3381f8503b251c0d9cd21bc1de939ec9df5480ee"
  integrity sha512-isyNax3wXoKaulPDZWHQqbmIx1k2tb9fb3GGDBRxCscfYV2Ch7WxPArBsFEG8s/safwXTT7H4QGhaIkTp9447w==

uuid@^8.3.2:
  version "8.3.2"
  resolved "https://registry.yarnpkg.com/uuid/-/uuid-8.3.2.tgz#80d5b5ced271bb9af6c445f21a1a04c606cefbe2"
  integrity sha512-+NYs2QeMWy+GWFOEm9xnn6HCDp0l7QBD7ml8zLUmJ+93Q5NF0NocErnwkTkXVFNiX3/fpC6afS8Dhb/gz7R7eg==

webidl-conversions@^3.0.0:
  version "3.0.1"
  resolved "https://registry.yarnpkg.com/webidl-conversions/-/webidl-conversions-3.0.1.tgz#24534275e2a7bc6be7bc86611cc16ae0a5654871"
  integrity sha512-2JAn3z8AR6rjK8Sm8orRC0h/bcl/DqL7tRPdGZ4I1CjdF+EaMLmYxBHyXuKL849eucPFhvBoxMsflfOb8kxaeQ==

whatwg-url@^5.0.0:
  version "5.0.0"
  resolved "https://registry.yarnpkg.com/whatwg-url/-/whatwg-url-5.0.0.tgz#966454e8765462e37644d3626f6742ce8b70965d"
  integrity sha512-saE57nupxk6v3HY35+jzBwYa0rKSy0XR8JSxZPwgLr7ys0IBzhGviA1/TUGJLmSVqs8pb9AnvICXEuOHLprYTw==
  dependencies:
    tr46 "~0.0.3"
    webidl-conversions "^3.0.0"

wrappy@1:
  version "1.0.2"
  resolved "https://registry.yarnpkg.com/wrappy/-/wrappy-1.0.2.tgz#b5243d8f3ec1aa35f1364605bc0d1036e30ab69f"
  integrity sha512-l4Sp/DRseor9wL6EvV2+TuQn63dMkPjZ/sp9XkghTEbV9KlPS1xUsZ3u7/IQO4wxtcFB4bgpQPRcR3QCvezPcQ==

yallist@^4.0.0:
  version "4.0.0"
  resolved "https://registry.yarnpkg.com/yallist/-/yallist-4.0.0.tgz#9bb92790d9c0effec63be73519e11a35019a3a72"
  integrity sha512-3wdGidZyq5PB084XLES5TpOSRA3wjXAlIWMhum2kRcv/41Sn2emQ0dycQW4uZXLejwKvg6EsvbdlVL+FYEct7A==
